
Microsoft Visual Studio Solution File, Format Version 12.00
# Visual Studio 15
VisualStudioVersion = 15.0.27428.2005
MinimumVisualStudioVersion = 10.0.40219.1
Project("{9A19103F-16F7-4668-BE54-9A1E7A4F7556}") = "StratosphereWebApi", "StratosphereWebApi\StratosphereWebApi.csproj", "{7BE786AA-41F1-4472-B11C-A377112AE8A2}"
EndProject
Project("{E53339B2-1760-4266-BCC7-CA923CBCF16C}") = "docker-compose", "docker-compose.dcproj", "{C95AC8D6-C6C8-4CFE-A95B-5E4EC8BAB455}"
EndProject
Project("{9A19103F-16F7-4668-BE54-9A1E7A4F7556}") = "Data", "Data\Data.csproj", "{98B7B1FB-BBD3-4424-92FC-C6D87822A60A}"
EndProject
Project("{9A19103F-16F7-4668-BE54-9A1E7A4F7556}") = "TestRunner", "TestRunner\TestRunner.csproj", "{58BCFA1D-9502-4236-9C70-FB9B322D24A6}"
EndProject
Project("{9A19103F-16F7-4668-BE54-9A1E7A4F7556}") = "Persistence", "Persistence\Persistence.csproj", "{9CAABA56-3EA3-4C09-B66A-2782EF8393E0}"
EndProject
Project("{9A19103F-16F7-4668-BE54-9A1E7A4F7556}") = "Integration", "Integration\Integration.csproj", "{E889A57D-BD59-451B-9C88-71F17074A806}"
EndProject
Project("{9A19103F-16F7-4668-BE54-9A1E7A4F7556}") = "SynchronizationRunner", "SynchronizationRunner\SynchronizationRunner.csproj", "{F0024012-6529-40BC-AB40-A97EBF0EF510}"
EndProject
Project("{FAE04EC0-301F-11D3-BF4B-00C04F79EFBC}") = "UnitTests", "UnitTests\UnitTests.csproj", "{AEB3B703-9073-420D-A7CE-B538B272C072}"
EndProject
Global
	GlobalSection(SolutionConfigurationPlatforms) = preSolution
		Debug|Any CPU = Debug|Any CPU
		Release|Any CPU = Release|Any CPU
	EndGlobalSection
	GlobalSection(ProjectConfigurationPlatforms) = postSolution
		{7BE786AA-41F1-4472-B11C-A377112AE8A2}.Debug|Any CPU.ActiveCfg = Debug|Any CPU
		{7BE786AA-41F1-4472-B11C-A377112AE8A2}.Debug|Any CPU.Build.0 = Debug|Any CPU
		{7BE786AA-41F1-4472-B11C-A377112AE8A2}.Release|Any CPU.ActiveCfg = Release|Any CPU
		{7BE786AA-41F1-4472-B11C-A377112AE8A2}.Release|Any CPU.Build.0 = Release|Any CPU
		{C95AC8D6-C6C8-4CFE-A95B-5E4EC8BAB455}.Debug|Any CPU.ActiveCfg = Debug|Any CPU
		{C95AC8D6-C6C8-4CFE-A95B-5E4EC8BAB455}.Debug|Any CPU.Build.0 = Debug|Any CPU
		{C95AC8D6-C6C8-4CFE-A95B-5E4EC8BAB455}.Release|Any CPU.ActiveCfg = Release|Any CPU
		{C95AC8D6-C6C8-4CFE-A95B-5E4EC8BAB455}.Release|Any CPU.Build.0 = Release|Any CPU
		{98B7B1FB-BBD3-4424-92FC-C6D87822A60A}.Debug|Any CPU.ActiveCfg = Debug|Any CPU
		{98B7B1FB-BBD3-4424-92FC-C6D87822A60A}.Debug|Any CPU.Build.0 = Debug|Any CPU
		{98B7B1FB-BBD3-4424-92FC-C6D87822A60A}.Release|Any CPU.ActiveCfg = Release|Any CPU
		{98B7B1FB-BBD3-4424-92FC-C6D87822A60A}.Release|Any CPU.Build.0 = Release|Any CPU
		{58BCFA1D-9502-4236-9C70-FB9B322D24A6}.Debug|Any CPU.ActiveCfg = Debug|Any CPU
		{58BCFA1D-9502-4236-9C70-FB9B322D24A6}.Debug|Any CPU.Build.0 = Debug|Any CPU
		{58BCFA1D-9502-4236-9C70-FB9B322D24A6}.Release|Any CPU.ActiveCfg = Release|Any CPU
		{58BCFA1D-9502-4236-9C70-FB9B322D24A6}.Release|Any CPU.Build.0 = Release|Any CPU
		{9CAABA56-3EA3-4C09-B66A-2782EF8393E0}.Debug|Any CPU.ActiveCfg = Debug|Any CPU
		{9CAABA56-3EA3-4C09-B66A-2782EF8393E0}.Debug|Any CPU.Build.0 = Debug|Any CPU
		{9CAABA56-3EA3-4C09-B66A-2782EF8393E0}.Release|Any CPU.ActiveCfg = Release|Any CPU
		{9CAABA56-3EA3-4C09-B66A-2782EF8393E0}.Release|Any CPU.Build.0 = Release|Any CPU
		{E889A57D-BD59-451B-9C88-71F17074A806}.Debug|Any CPU.ActiveCfg = Debug|Any CPU
		{E889A57D-BD59-451B-9C88-71F17074A806}.Debug|Any CPU.Build.0 = Debug|Any CPU
		{E889A57D-BD59-451B-9C88-71F17074A806}.Release|Any CPU.ActiveCfg = Release|Any CPU
		{E889A57D-BD59-451B-9C88-71F17074A806}.Release|Any CPU.Build.0 = Release|Any CPU
		{F0024012-6529-40BC-AB40-A97EBF0EF510}.Debug|Any CPU.ActiveCfg = Debug|Any CPU
		{F0024012-6529-40BC-AB40-A97EBF0EF510}.Debug|Any CPU.Build.0 = Debug|Any CPU
		{F0024012-6529-40BC-AB40-A97EBF0EF510}.Release|Any CPU.ActiveCfg = Release|Any CPU
		{F0024012-6529-40BC-AB40-A97EBF0EF510}.Release|Any CPU.Build.0 = Release|Any CPU
		{AEB3B703-9073-420D-A7CE-B538B272C072}.Debug|Any CPU.ActiveCfg = Debug|Any CPU
		{AEB3B703-9073-420D-A7CE-B538B272C072}.Debug|Any CPU.Build.0 = Debug|Any CPU
		{AEB3B703-9073-420D-A7CE-B538B272C072}.Release|Any CPU.ActiveCfg = Release|Any CPU
		{AEB3B703-9073-420D-A7CE-B538B272C072}.Release|Any CPU.Build.0 = Release|Any CPU
	EndGlobalSection
	GlobalSection(SolutionProperties) = preSolution
		HideSolutionNode = FALSE
	EndGlobalSection
	GlobalSection(ExtensibilityGlobals) = postSolution
		SolutionGuid = {0F58AF1E-859A-4A40-86C4-A36E1006A88F}
	EndGlobalSection
EndGlobal
